
Microsoft Visual Studio Solution File, Format Version 12.00
# Visual Studio Version 16
VisualStudioVersion = 16.0.30804.86
MinimumVisualStudioVersion = 10.0.40219.1
Project("{9A19103F-16F7-4668-BE54-9A1E7A4F7556}") = "Entities", "Entities\Entities.csproj", "{49C4D242-52B1-4065-A622-937FF24102A7}"
EndProject
Project("{9A19103F-16F7-4668-BE54-9A1E7A4F7556}") = "DataAccess", "DataAccess\DataAccess.csproj", "{D8F3F82B-1E49-4CFE-9E75-A59F6EC4D2C9}"
EndProject
Project("{9A19103F-16F7-4668-BE54-9A1E7A4F7556}") = "Business", "Business\Business.csproj", "{95C188EE-AF34-4C36-8061-2502970468D4}"
EndProject
Project("{9A19103F-16F7-4668-BE54-9A1E7A4F7556}") = "ConsoleUI", "ConsoleUI\ConsoleUI.csproj", "{25C9EA0E-60BD-44D3-B4BF-8606E7D6B392}"
EndProject
Project("{9A19103F-16F7-4668-BE54-9A1E7A4F7556}") = "Core", "Core\Core.csproj", "{A548B54A-9E21-41B8-91C8-BAEB82FEB282}"
EndProject
Project("{FAE04EC0-301F-11D3-BF4B-00C04F79EFBC}") = "WebAPI", "WebAPI\WebAPI.csproj", "{7A55FDB7-92AF-42E1-921C-34C868815A34}"
EndProject
Global
	GlobalSection(SolutionConfigurationPlatforms) = preSolution
		Debug|Any CPU = Debug|Any CPU
		Release|Any CPU = Release|Any CPU
	EndGlobalSection
	GlobalSection(ProjectConfigurationPlatforms) = postSolution
		{49C4D242-52B1-4065-A622-937FF24102A7}.Debug|Any CPU.ActiveCfg = Debug|Any CPU
		{49C4D242-52B1-4065-A622-937FF24102A7}.Debug|Any CPU.Build.0 = Debug|Any CPU
		{49C4D242-52B1-4065-A622-937FF24102A7}.Release|Any CPU.ActiveCfg = Release|Any CPU
		{49C4D242-52B1-4065-A622-937FF24102A7}.Release|Any CPU.Build.0 = Release|Any CPU
		{D8F3F82B-1E49-4CFE-9E75-A59F6EC4D2C9}.Debug|Any CPU.ActiveCfg = Debug|Any CPU
		{D8F3F82B-1E49-4CFE-9E75-A59F6EC4D2C9}.Debug|Any CPU.Build.0 = Debug|Any CPU
		{D8F3F82B-1E49-4CFE-9E75-A59F6EC4D2C9}.Release|Any CPU.ActiveCfg = Release|Any CPU
		{D8F3F82B-1E49-4CFE-9E75-A59F6EC4D2C9}.Release|Any CPU.Build.0 = Release|Any CPU
		{95C188EE-AF34-4C36-8061-2502970468D4}.Debug|Any CPU.ActiveCfg = Debug|Any CPU
		{95C188EE-AF34-4C36-8061-2502970468D4}.Debug|Any CPU.Build.0 = Debug|Any CPU
		{95C188EE-AF34-4C36-8061-2502970468D4}.Release|Any CPU.ActiveCfg = Release|Any CPU
		{95C188EE-AF34-4C36-8061-2502970468D4}.Release|Any CPU.Build.0 = Release|Any CPU
		{25C9EA0E-60BD-44D3-B4BF-8606E7D6B392}.Debug|Any CPU.ActiveCfg = Debug|Any CPU
		{25C9EA0E-60BD-44D3-B4BF-8606E7D6B392}.Debug|Any CPU.Build.0 = Debug|Any CPU
		{25C9EA0E-60BD-44D3-B4BF-8606E7D6B392}.Release|Any CPU.ActiveCfg = Release|Any CPU
		{25C9EA0E-60BD-44D3-B4BF-8606E7D6B392}.Release|Any CPU.Build.0 = Release|Any CPU
		{A548B54A-9E21-41B8-91C8-BAEB82FEB282}.Debug|Any CPU.ActiveCfg = Debug|Any CPU
		{A548B54A-9E21-41B8-91C8-BAEB82FEB282}.Debug|Any CPU.Build.0 = Debug|Any CPU
		{A548B54A-9E21-41B8-91C8-BAEB82FEB282}.Release|Any CPU.ActiveCfg = Release|Any CPU
		{A548B54A-9E21-41B8-91C8-BAEB82FEB282}.Release|Any CPU.Build.0 = Release|Any CPU
		{7A55FDB7-92AF-42E1-921C-34C868815A34}.Debug|Any CPU.ActiveCfg = Debug|Any CPU
		{7A55FDB7-92AF-42E1-921C-34C868815A34}.Debug|Any CPU.Build.0 = Debug|Any CPU
		{7A55FDB7-92AF-42E1-921C-34C868815A34}.Release|Any CPU.ActiveCfg = Release|Any CPU
		{7A55FDB7-92AF-42E1-921C-34C868815A34}.Release|Any CPU.Build.0 = Release|Any CPU
	EndGlobalSection
	GlobalSection(SolutionProperties) = preSolution
		HideSolutionNode = FALSE
	EndGlobalSection
	GlobalSection(ExtensibilityGlobals) = postSolution
		SolutionGuid = {ABDDB964-975B-4882-8EE7-15DABCFDE0B6}
	EndGlobalSection
EndGlobal
